
Microsoft Visual Studio Solution File, Format Version 12.00
# Visual Studio Version 17
VisualStudioVersion = 17.14.36414.22
MinimumVisualStudioVersion = 10.0.40219.1
Project("{FAE04EC0-301F-11D3-BF4B-00C04F79EFBC}") = "Hexagon.Api", "Hexagon.Api.csproj", "{DAD71479-A5E7-423F-8BA0-3B02462BAAE2}"
EndProject
Project("{FAE04EC0-301F-11D3-BF4B-00C04F79EFBC}") = "Hexagon.Tests", "..\Hexagon.Tests\Hexagon.Tests.csproj", "{B2B4923B-4EF2-4451-A5B8-FFEA49AD3051}"
EndProject
Project("{54A90642-561A-4BB1-A94E-469ADEE60C69}") = "hexagon.web", "..\Hexagon.Web\hexagon.web.esproj", "{96EFDD33-DBB5-089A-F2FF-8A97397C98D8}"
EndProject
Global
	GlobalSection(SolutionConfigurationPlatforms) = preSolution
		Debug|Any CPU = Debug|Any CPU
		Release|Any CPU = Release|Any CPU
	EndGlobalSection
	GlobalSection(ProjectConfigurationPlatforms) = postSolution
		{DAD71479-A5E7-423F-8BA0-3B02462BAAE2}.Debug|Any CPU.ActiveCfg = Debug|Any CPU
		{DAD71479-A5E7-423F-8BA0-3B02462BAAE2}.Debug|Any CPU.Build.0 = Debug|Any CPU
		{DAD71479-A5E7-423F-8BA0-3B02462BAAE2}.Release|Any CPU.ActiveCfg = Release|Any CPU
		{DAD71479-A5E7-423F-8BA0-3B02462BAAE2}.Release|Any CPU.Build.0 = Release|Any CPU
		{B2B4923B-4EF2-4451-A5B8-FFEA49AD3051}.Debug|Any CPU.ActiveCfg = Debug|Any CPU
		{B2B4923B-4EF2-4451-A5B8-FFEA49AD3051}.Debug|Any CPU.Build.0 = Debug|Any CPU
		{B2B4923B-4EF2-4451-A5B8-FFEA49AD3051}.Release|Any CPU.ActiveCfg = Release|Any CPU
		{B2B4923B-4EF2-4451-A5B8-FFEA49AD3051}.Release|Any CPU.Build.0 = Release|Any CPU
		{96EFDD33-DBB5-089A-F2FF-8A97397C98D8}.Debug|Any CPU.ActiveCfg = Debug|Any CPU
		{96EFDD33-DBB5-089A-F2FF-8A97397C98D8}.Debug|Any CPU.Build.0 = Debug|Any CPU
		{96EFDD33-DBB5-089A-F2FF-8A97397C98D8}.Debug|Any CPU.Deploy.0 = Debug|Any CPU
		{96EFDD33-DBB5-089A-F2FF-8A97397C98D8}.Release|Any CPU.ActiveCfg = Release|Any CPU
		{96EFDD33-DBB5-089A-F2FF-8A97397C98D8}.Release|Any CPU.Build.0 = Release|Any CPU
		{96EFDD33-DBB5-089A-F2FF-8A97397C98D8}.Release|Any CPU.Deploy.0 = Release|Any CPU
	EndGlobalSection
	GlobalSection(SolutionProperties) = preSolution
		HideSolutionNode = FALSE
	EndGlobalSection
	GlobalSection(ExtensibilityGlobals) = postSolution
		SolutionGuid = {34993722-A1F5-4FD5-B620-9E260275A95A}
	EndGlobalSection
EndGlobal
